
Microsoft Visual Studio Solution File, Format Version 12.00
# Visual Studio Version 16
VisualStudioVersion = 16.0.31605.320
MinimumVisualStudioVersion = 10.0.40219.1
Project("{FAE04EC0-301F-11D3-BF4B-00C04F79EFBC}") = "E_Array3D", "E_Array3D.csproj", "{03F0F3A0-B797-4173-AC2E-CFCDCABF942D}"
EndProject
Global
	GlobalSection(SolutionConfigurationPlatforms) = preSolution
		Debug|Any CPU = Debug|Any CPU
		Release|Any CPU = Release|Any CPU
	EndGlobalSection
	GlobalSection(ProjectConfigurationPlatforms) = postSolution
		{03F0F3A0-B797-4173-AC2E-CFCDCABF942D}.Debug|Any CPU.ActiveCfg = Debug|Any CPU
		{03F0F3A0-B797-4173-AC2E-CFCDCABF942D}.Debug|Any CPU.Build.0 = Debug|Any CPU
		{03F0F3A0-B797-4173-AC2E-CFCDCABF942D}.Release|Any CPU.ActiveCfg = Release|Any CPU
		{03F0F3A0-B797-4173-AC2E-CFCDCABF942D}.Release|Any CPU.Build.0 = Release|Any CPU
	EndGlobalSection
	GlobalSection(SolutionProperties) = preSolution
		HideSolutionNode = FALSE
	EndGlobalSection
	GlobalSection(ExtensibilityGlobals) = postSolution
		SolutionGuid = {FD482083-0A9A-40C3-B9C8-1735C3542FFF}
	EndGlobalSection
EndGlobal
