
Microsoft Visual Studio Solution File, Format Version 12.00
# Visual Studio Version 16
VisualStudioVersion = 16.0.31605.320
MinimumVisualStudioVersion = 10.0.40219.1
Project("{FAE04EC0-301F-11D3-BF4B-00C04F79EFBC}") = "E_AcomodaTresNum", "E_AcomodaTresNum.csproj", "{FDB2EB21-8462-4082-948D-665F298E3440}"
EndProject
Global
	GlobalSection(SolutionConfigurationPlatforms) = preSolution
		Debug|Any CPU = Debug|Any CPU
		Release|Any CPU = Release|Any CPU
	EndGlobalSection
	GlobalSection(ProjectConfigurationPlatforms) = postSolution
		{FDB2EB21-8462-4082-948D-665F298E3440}.Debug|Any CPU.ActiveCfg = Debug|Any CPU
		{FDB2EB21-8462-4082-948D-665F298E3440}.Debug|Any CPU.Build.0 = Debug|Any CPU
		{FDB2EB21-8462-4082-948D-665F298E3440}.Release|Any CPU.ActiveCfg = Release|Any CPU
		{FDB2EB21-8462-4082-948D-665F298E3440}.Release|Any CPU.Build.0 = Release|Any CPU
	EndGlobalSection
	GlobalSection(SolutionProperties) = preSolution
		HideSolutionNode = FALSE
	EndGlobalSection
	GlobalSection(ExtensibilityGlobals) = postSolution
		SolutionGuid = {B87712C2-410C-49F2-AF82-82E3DB89858F}
	EndGlobalSection
EndGlobal
