
Microsoft Visual Studio Solution File, Format Version 12.00
# Visual Studio Version 16
VisualStudioVersion = 16.0.31605.320
MinimumVisualStudioVersion = 10.0.40219.1
Project("{FAE04EC0-301F-11D3-BF4B-00C04F79EFBC}") = "E10_RedondeoAleatorio", "E10_RedondeoAleatorio.csproj", "{003A8F00-95DB-49D4-8590-A1E9E2FDECEA}"
EndProject
Global
	GlobalSection(SolutionConfigurationPlatforms) = preSolution
		Debug|Any CPU = Debug|Any CPU
		Release|Any CPU = Release|Any CPU
	EndGlobalSection
	GlobalSection(ProjectConfigurationPlatforms) = postSolution
		{003A8F00-95DB-49D4-8590-A1E9E2FDECEA}.Debug|Any CPU.ActiveCfg = Debug|Any CPU
		{003A8F00-95DB-49D4-8590-A1E9E2FDECEA}.Debug|Any CPU.Build.0 = Debug|Any CPU
		{003A8F00-95DB-49D4-8590-A1E9E2FDECEA}.Release|Any CPU.ActiveCfg = Release|Any CPU
		{003A8F00-95DB-49D4-8590-A1E9E2FDECEA}.Release|Any CPU.Build.0 = Release|Any CPU
	EndGlobalSection
	GlobalSection(SolutionProperties) = preSolution
		HideSolutionNode = FALSE
	EndGlobalSection
	GlobalSection(ExtensibilityGlobals) = postSolution
		SolutionGuid = {714C71FC-15B2-4FE4-A9A4-4216E19ADF7C}
	EndGlobalSection
EndGlobal
