
Microsoft Visual Studio Solution File, Format Version 12.00
# Visual Studio Version 16
VisualStudioVersion = 16.0.31605.320
MinimumVisualStudioVersion = 10.0.40219.1
Project("{FAE04EC0-301F-11D3-BF4B-00C04F79EFBC}") = "Arreglos_alumno_y_calificacion", "Arreglos_alumno_y_calificacion.csproj", "{96D9AF08-35A2-4A67-99DA-6149141CC92A}"
EndProject
Global
	GlobalSection(SolutionConfigurationPlatforms) = preSolution
		Debug|Any CPU = Debug|Any CPU
		Release|Any CPU = Release|Any CPU
	EndGlobalSection
	GlobalSection(ProjectConfigurationPlatforms) = postSolution
		{96D9AF08-35A2-4A67-99DA-6149141CC92A}.Debug|Any CPU.ActiveCfg = Debug|Any CPU
		{96D9AF08-35A2-4A67-99DA-6149141CC92A}.Debug|Any CPU.Build.0 = Debug|Any CPU
		{96D9AF08-35A2-4A67-99DA-6149141CC92A}.Release|Any CPU.ActiveCfg = Release|Any CPU
		{96D9AF08-35A2-4A67-99DA-6149141CC92A}.Release|Any CPU.Build.0 = Release|Any CPU
	EndGlobalSection
	GlobalSection(SolutionProperties) = preSolution
		HideSolutionNode = FALSE
	EndGlobalSection
	GlobalSection(ExtensibilityGlobals) = postSolution
		SolutionGuid = {E652727C-3864-47EC-85A4-10EF6223909F}
	EndGlobalSection
EndGlobal
