
Microsoft Visual Studio Solution File, Format Version 12.00
# Visual Studio Version 16
VisualStudioVersion = 16.0.31605.320
MinimumVisualStudioVersion = 10.0.40219.1
Project("{FAE04EC0-301F-11D3-BF4B-00C04F79EFBC}") = "E_Recursivo", "E_Recursivo.csproj", "{F3AF83E5-0C2D-4BF7-B5BA-4394F6EF272C}"
EndProject
Global
	GlobalSection(SolutionConfigurationPlatforms) = preSolution
		Debug|Any CPU = Debug|Any CPU
		Release|Any CPU = Release|Any CPU
	EndGlobalSection
	GlobalSection(ProjectConfigurationPlatforms) = postSolution
		{F3AF83E5-0C2D-4BF7-B5BA-4394F6EF272C}.Debug|Any CPU.ActiveCfg = Debug|Any CPU
		{F3AF83E5-0C2D-4BF7-B5BA-4394F6EF272C}.Debug|Any CPU.Build.0 = Debug|Any CPU
		{F3AF83E5-0C2D-4BF7-B5BA-4394F6EF272C}.Release|Any CPU.ActiveCfg = Release|Any CPU
		{F3AF83E5-0C2D-4BF7-B5BA-4394F6EF272C}.Release|Any CPU.Build.0 = Release|Any CPU
	EndGlobalSection
	GlobalSection(SolutionProperties) = preSolution
		HideSolutionNode = FALSE
	EndGlobalSection
	GlobalSection(ExtensibilityGlobals) = postSolution
		SolutionGuid = {886B76B8-C46E-44CE-BA29-FD9ACFA650CF}
	EndGlobalSection
EndGlobal
