
Microsoft Visual Studio Solution File, Format Version 12.00
# Visual Studio Version 16
VisualStudioVersion = 16.0.31605.320
MinimumVisualStudioVersion = 10.0.40219.1
Project("{FAE04EC0-301F-11D3-BF4B-00C04F79EFBC}") = "E_AdivinaNum", "E_AdivinaNum.csproj", "{1416EFB4-658E-4A1B-8DDA-C66478DE0F17}"
EndProject
Global
	GlobalSection(SolutionConfigurationPlatforms) = preSolution
		Debug|Any CPU = Debug|Any CPU
		Release|Any CPU = Release|Any CPU
	EndGlobalSection
	GlobalSection(ProjectConfigurationPlatforms) = postSolution
		{1416EFB4-658E-4A1B-8DDA-C66478DE0F17}.Debug|Any CPU.ActiveCfg = Debug|Any CPU
		{1416EFB4-658E-4A1B-8DDA-C66478DE0F17}.Debug|Any CPU.Build.0 = Debug|Any CPU
		{1416EFB4-658E-4A1B-8DDA-C66478DE0F17}.Release|Any CPU.ActiveCfg = Release|Any CPU
		{1416EFB4-658E-4A1B-8DDA-C66478DE0F17}.Release|Any CPU.Build.0 = Release|Any CPU
	EndGlobalSection
	GlobalSection(SolutionProperties) = preSolution
		HideSolutionNode = FALSE
	EndGlobalSection
	GlobalSection(ExtensibilityGlobals) = postSolution
		SolutionGuid = {65B5F683-2A16-42D6-BD19-EFD1EE846FD0}
	EndGlobalSection
EndGlobal
