
Microsoft Visual Studio Solution File, Format Version 12.00
# Visual Studio Version 16
VisualStudioVersion = 16.0.31605.320
MinimumVisualStudioVersion = 10.0.40219.1
Project("{FAE04EC0-301F-11D3-BF4B-00C04F79EFBC}") = "ADA_2021_RandomNum", "ADA_2021_RandomNum.csproj", "{0E9C8EE0-581E-452D-8171-CFE4020C3420}"
EndProject
Global
	GlobalSection(SolutionConfigurationPlatforms) = preSolution
		Debug|Any CPU = Debug|Any CPU
		Release|Any CPU = Release|Any CPU
	EndGlobalSection
	GlobalSection(ProjectConfigurationPlatforms) = postSolution
		{0E9C8EE0-581E-452D-8171-CFE4020C3420}.Debug|Any CPU.ActiveCfg = Debug|Any CPU
		{0E9C8EE0-581E-452D-8171-CFE4020C3420}.Debug|Any CPU.Build.0 = Debug|Any CPU
		{0E9C8EE0-581E-452D-8171-CFE4020C3420}.Release|Any CPU.ActiveCfg = Release|Any CPU
		{0E9C8EE0-581E-452D-8171-CFE4020C3420}.Release|Any CPU.Build.0 = Release|Any CPU
	EndGlobalSection
	GlobalSection(SolutionProperties) = preSolution
		HideSolutionNode = FALSE
	EndGlobalSection
	GlobalSection(ExtensibilityGlobals) = postSolution
		SolutionGuid = {73158AEE-60E7-44A6-9725-14E0AE700BB0}
	EndGlobalSection
EndGlobal
