
Microsoft Visual Studio Solution File, Format Version 12.00
# Visual Studio Version 16
VisualStudioVersion = 16.0.31605.320
MinimumVisualStudioVersion = 10.0.40219.1
Project("{FAE04EC0-301F-11D3-BF4B-00C04F79EFBC}") = "G_Snek", "G_Snek.csproj", "{B93413DD-2193-4519-A8EE-BCD78F6EA823}"
EndProject
Global
	GlobalSection(SolutionConfigurationPlatforms) = preSolution
		Debug|Any CPU = Debug|Any CPU
		Release|Any CPU = Release|Any CPU
	EndGlobalSection
	GlobalSection(ProjectConfigurationPlatforms) = postSolution
		{B93413DD-2193-4519-A8EE-BCD78F6EA823}.Debug|Any CPU.ActiveCfg = Debug|Any CPU
		{B93413DD-2193-4519-A8EE-BCD78F6EA823}.Debug|Any CPU.Build.0 = Debug|Any CPU
		{B93413DD-2193-4519-A8EE-BCD78F6EA823}.Release|Any CPU.ActiveCfg = Release|Any CPU
		{B93413DD-2193-4519-A8EE-BCD78F6EA823}.Release|Any CPU.Build.0 = Release|Any CPU
	EndGlobalSection
	GlobalSection(SolutionProperties) = preSolution
		HideSolutionNode = FALSE
	EndGlobalSection
	GlobalSection(ExtensibilityGlobals) = postSolution
		SolutionGuid = {095CC332-B992-43C7-BC8D-F9C18F461FD1}
	EndGlobalSection
EndGlobal
