
Microsoft Visual Studio Solution File, Format Version 12.00
# Visual Studio Version 16
VisualStudioVersion = 16.0.31605.320
MinimumVisualStudioVersion = 10.0.40219.1
Project("{FAE04EC0-301F-11D3-BF4B-00C04F79EFBC}") = "E1_CilindroAleatorio", "E1_CilindroAleatorio.csproj", "{7E07C6E7-C3E9-4815-A184-76DD8F34E03E}"
EndProject
Global
	GlobalSection(SolutionConfigurationPlatforms) = preSolution
		Debug|Any CPU = Debug|Any CPU
		Release|Any CPU = Release|Any CPU
	EndGlobalSection
	GlobalSection(ProjectConfigurationPlatforms) = postSolution
		{7E07C6E7-C3E9-4815-A184-76DD8F34E03E}.Debug|Any CPU.ActiveCfg = Debug|Any CPU
		{7E07C6E7-C3E9-4815-A184-76DD8F34E03E}.Debug|Any CPU.Build.0 = Debug|Any CPU
		{7E07C6E7-C3E9-4815-A184-76DD8F34E03E}.Release|Any CPU.ActiveCfg = Release|Any CPU
		{7E07C6E7-C3E9-4815-A184-76DD8F34E03E}.Release|Any CPU.Build.0 = Release|Any CPU
	EndGlobalSection
	GlobalSection(SolutionProperties) = preSolution
		HideSolutionNode = FALSE
	EndGlobalSection
	GlobalSection(ExtensibilityGlobals) = postSolution
		SolutionGuid = {9D2A96E1-1D20-4DC3-8E21-F2FC1D1726F8}
	EndGlobalSection
EndGlobal
