
Microsoft Visual Studio Solution File, Format Version 12.00
# Visual Studio Version 16
VisualStudioVersion = 16.0.31605.320
MinimumVisualStudioVersion = 10.0.40219.1
Project("{FAE04EC0-301F-11D3-BF4B-00C04F79EFBC}") = "E_Factorial", "E_Factorial.csproj", "{3ED47D70-0C8B-4139-8B97-37D3EAE42A6C}"
EndProject
Global
	GlobalSection(SolutionConfigurationPlatforms) = preSolution
		Debug|Any CPU = Debug|Any CPU
		Release|Any CPU = Release|Any CPU
	EndGlobalSection
	GlobalSection(ProjectConfigurationPlatforms) = postSolution
		{3ED47D70-0C8B-4139-8B97-37D3EAE42A6C}.Debug|Any CPU.ActiveCfg = Debug|Any CPU
		{3ED47D70-0C8B-4139-8B97-37D3EAE42A6C}.Debug|Any CPU.Build.0 = Debug|Any CPU
		{3ED47D70-0C8B-4139-8B97-37D3EAE42A6C}.Release|Any CPU.ActiveCfg = Release|Any CPU
		{3ED47D70-0C8B-4139-8B97-37D3EAE42A6C}.Release|Any CPU.Build.0 = Release|Any CPU
	EndGlobalSection
	GlobalSection(SolutionProperties) = preSolution
		HideSolutionNode = FALSE
	EndGlobalSection
	GlobalSection(ExtensibilityGlobals) = postSolution
		SolutionGuid = {F071E80E-8510-4821-A88D-E72718A828AF}
	EndGlobalSection
EndGlobal
