
Microsoft Visual Studio Solution File, Format Version 12.00
# Visual Studio Version 16
VisualStudioVersion = 16.0.31605.320
MinimumVisualStudioVersion = 10.0.40219.1
Project("{FAE04EC0-301F-11D3-BF4B-00C04F79EFBC}") = "E8_CircCuad", "E8_CircCuad.csproj", "{6E164D38-4440-45BF-8031-BE8BD0E5CCA1}"
EndProject
Global
	GlobalSection(SolutionConfigurationPlatforms) = preSolution
		Debug|Any CPU = Debug|Any CPU
		Release|Any CPU = Release|Any CPU
	EndGlobalSection
	GlobalSection(ProjectConfigurationPlatforms) = postSolution
		{6E164D38-4440-45BF-8031-BE8BD0E5CCA1}.Debug|Any CPU.ActiveCfg = Debug|Any CPU
		{6E164D38-4440-45BF-8031-BE8BD0E5CCA1}.Debug|Any CPU.Build.0 = Debug|Any CPU
		{6E164D38-4440-45BF-8031-BE8BD0E5CCA1}.Release|Any CPU.ActiveCfg = Release|Any CPU
		{6E164D38-4440-45BF-8031-BE8BD0E5CCA1}.Release|Any CPU.Build.0 = Release|Any CPU
	EndGlobalSection
	GlobalSection(SolutionProperties) = preSolution
		HideSolutionNode = FALSE
	EndGlobalSection
	GlobalSection(ExtensibilityGlobals) = postSolution
		SolutionGuid = {FE32A4BC-A21A-4580-9CAB-501B977136BA}
	EndGlobalSection
EndGlobal
