
Microsoft Visual Studio Solution File, Format Version 12.00
# Visual Studio Version 16
VisualStudioVersion = 16.0.31605.320
MinimumVisualStudioVersion = 10.0.40219.1
Project("{FAE04EC0-301F-11D3-BF4B-00C04F79EFBC}") = "E2_CocienteResiduo", "E2_CocienteResiduo.csproj", "{8656D217-E0A1-42B2-869D-7E39EB48A392}"
EndProject
Global
	GlobalSection(SolutionConfigurationPlatforms) = preSolution
		Debug|Any CPU = Debug|Any CPU
		Release|Any CPU = Release|Any CPU
	EndGlobalSection
	GlobalSection(ProjectConfigurationPlatforms) = postSolution
		{8656D217-E0A1-42B2-869D-7E39EB48A392}.Debug|Any CPU.ActiveCfg = Debug|Any CPU
		{8656D217-E0A1-42B2-869D-7E39EB48A392}.Debug|Any CPU.Build.0 = Debug|Any CPU
		{8656D217-E0A1-42B2-869D-7E39EB48A392}.Release|Any CPU.ActiveCfg = Release|Any CPU
		{8656D217-E0A1-42B2-869D-7E39EB48A392}.Release|Any CPU.Build.0 = Release|Any CPU
	EndGlobalSection
	GlobalSection(SolutionProperties) = preSolution
		HideSolutionNode = FALSE
	EndGlobalSection
	GlobalSection(ExtensibilityGlobals) = postSolution
		SolutionGuid = {8F5154FF-65C1-435B-94D3-F06573E158CE}
	EndGlobalSection
EndGlobal
